
Microsoft Visual Studio Solution File, Format Version 12.00
# Visual Studio Version 17
VisualStudioVersion = 17.8.34330.188
MinimumVisualStudioVersion = 10.0.40219.1
Project("{FAE04EC0-301F-11D3-BF4B-00C04F79EFBC}") = "ProjectsTasks", "ProjectsTasks\ProjectsTasks.csproj", "{09904CFE-D04E-4228-B57F-754E5C5CB993}"
EndProject
Global
	GlobalSection(SolutionConfigurationPlatforms) = preSolution
		Debug|Any CPU = Debug|Any CPU
		Release|Any CPU = Release|Any CPU
	EndGlobalSection
	GlobalSection(ProjectConfigurationPlatforms) = postSolution
		{09904CFE-D04E-4228-B57F-754E5C5CB993}.Debug|Any CPU.ActiveCfg = Debug|Any CPU
		{09904CFE-D04E-4228-B57F-754E5C5CB993}.Debug|Any CPU.Build.0 = Debug|Any CPU
		{09904CFE-D04E-4228-B57F-754E5C5CB993}.Release|Any CPU.ActiveCfg = Release|Any CPU
		{09904CFE-D04E-4228-B57F-754E5C5CB993}.Release|Any CPU.Build.0 = Release|Any CPU
	EndGlobalSection
	GlobalSection(SolutionProperties) = preSolution
		HideSolutionNode = FALSE
	EndGlobalSection
	GlobalSection(ExtensibilityGlobals) = postSolution
		SolutionGuid = {424762B8-3A2B-4F6C-B2DF-F83D5DC4354F}
	EndGlobalSection
EndGlobal
